
Microsoft Visual Studio Solution File, Format Version 12.00
# Visual Studio Version 17
VisualStudioVersion = 17.7.34031.279
MinimumVisualStudioVersion = 10.0.40219.1
Project("{9A19103F-16F7-4668-BE54-9A1E7A4F7556}") = "BattleShip", "BattleShip\BattleShip.csproj", "{EBE13ADF-91B9-4D49-A758-A5CF27CE5718}"
EndProject
Project("{9A19103F-16F7-4668-BE54-9A1E7A4F7556}") = "BattleShipTests", "BattleShipTests\BattleShipTests.csproj", "{3EED5DDA-49E0-48FD-A4C2-D60A5E31C9CB}"
EndProject
Global
	GlobalSection(SolutionConfigurationPlatforms) = preSolution
		Debug|Any CPU = Debug|Any CPU
		Release|Any CPU = Release|Any CPU
	EndGlobalSection
	GlobalSection(ProjectConfigurationPlatforms) = postSolution
		{EBE13ADF-91B9-4D49-A758-A5CF27CE5718}.Debug|Any CPU.ActiveCfg = Debug|Any CPU
		{EBE13ADF-91B9-4D49-A758-A5CF27CE5718}.Debug|Any CPU.Build.0 = Debug|Any CPU
		{EBE13ADF-91B9-4D49-A758-A5CF27CE5718}.Release|Any CPU.ActiveCfg = Release|Any CPU
		{EBE13ADF-91B9-4D49-A758-A5CF27CE5718}.Release|Any CPU.Build.0 = Release|Any CPU
		{3EED5DDA-49E0-48FD-A4C2-D60A5E31C9CB}.Debug|Any CPU.ActiveCfg = Debug|Any CPU
		{3EED5DDA-49E0-48FD-A4C2-D60A5E31C9CB}.Debug|Any CPU.Build.0 = Debug|Any CPU
		{3EED5DDA-49E0-48FD-A4C2-D60A5E31C9CB}.Release|Any CPU.ActiveCfg = Release|Any CPU
		{3EED5DDA-49E0-48FD-A4C2-D60A5E31C9CB}.Release|Any CPU.Build.0 = Release|Any CPU
	EndGlobalSection
	GlobalSection(SolutionProperties) = preSolution
		HideSolutionNode = FALSE
	EndGlobalSection
	GlobalSection(ExtensibilityGlobals) = postSolution
		SolutionGuid = {2B8E1851-FCF5-4C86-8830-21F375EC3C52}
	EndGlobalSection
EndGlobal
